// !$*UTF8*$!
{
	archiveVersion = 1;
	classes = {
	};
	objectVersion = 46;
	objects = {

/* Begin PBXBuildFile section */
		3B2736C0E39ED236BD79B66A /* libPods.a in Frameworks */ = {isa = PBXBuildFile; fileRef = D271285710E0F499D0E751AD /* libPods.a */; };
		8404CB101ACFB5BF0088D14F /* main.m in Sources */ = {isa = PBXBuildFile; fileRef = 8404CB0F1ACFB5BF0088D14F /* main.m */; };
		8404CB131ACFB5BF0088D14F /* AppDelegate.m in Sources */ = {isa = PBXBuildFile; fileRef = 8404CB121ACFB5BF0088D14F /* AppDelegate.m */; };
		8404CB1B1ACFB5BF0088D14F /* Images.xcassets in Resources */ = {isa = PBXBuildFile; fileRef = 8404CB1A1ACFB5BF0088D14F /* Images.xcassets */; };
		8404CB2A1ACFB5C00088D14F /* TheHackTests.m in Sources */ = {isa = PBXBuildFile; fileRef = 8404CB291ACFB5C00088D14F /* TheHackTests.m */; };
		8404CB341ACFBC740088D14F /* Parse.framework in Frameworks */ = {isa = PBXBuildFile; fileRef = 8404CB331ACFBC740088D14F /* Parse.framework */; };
		8404CB361ACFBC770088D14F /* Bolts.framework in Frameworks */ = {isa = PBXBuildFile; fileRef = 8404CB351ACFBC770088D14F /* Bolts.framework */; };
		8404CB381ACFBCA20088D14F /* AudioToolbox.framework in Frameworks */ = {isa = PBXBuildFile; fileRef = 8404CB371ACFBCA20088D14F /* AudioToolbox.framework */; };
		8404CB3B1ACFBCAB0088D14F /* CFNetwork.framework in Frameworks */ = {isa = PBXBuildFile; fileRef = 8404CB391ACFBCAB0088D14F /* CFNetwork.framework */; };
		8404CB3C1ACFBCAB0088D14F /* CoreGraphics.framework in Frameworks */ = {isa = PBXBuildFile; fileRef = 8404CB3A1ACFBCAB0088D14F /* CoreGraphics.framework */; };
		8404CB3E1ACFBCB40088D14F /* CoreLocation.framework in Frameworks */ = {isa = PBXBuildFile; fileRef = 8404CB3D1ACFBCB40088D14F /* CoreLocation.framework */; };
		8404CB401ACFBCB90088D14F /* MobileCoreServices.framework in Frameworks */ = {isa = PBXBuildFile; fileRef = 8404CB3F1ACFBCB90088D14F /* MobileCoreServices.framework */; };
		8404CB421ACFBCBE0088D14F /* QuartzCore.framework in Frameworks */ = {isa = PBXBuildFile; fileRef = 8404CB411ACFBCBE0088D14F /* QuartzCore.framework */; };
		8404CB441ACFBCDF0088D14F /* Security.framework in Frameworks */ = {isa = PBXBuildFile; fileRef = 8404CB431ACFBCDF0088D14F /* Security.framework */; };
		8404CB481ACFBD270088D14F /* SystemConfiguration.framework in Frameworks */ = {isa = PBXBuildFile; fileRef = 8404CB471ACFBD270088D14F /* SystemConfiguration.framework */; };
		8404CB4A1ACFBD300088D14F /* libz.dylib in Frameworks */ = {isa = PBXBuildFile; fileRef = 8404CB491ACFBD300088D14F /* libz.dylib */; };
		8404CB4C1ACFBD400088D14F /* libsqlite3.dylib in Frameworks */ = {isa = PBXBuildFile; fileRef = 8404CB4B1ACFBD400088D14F /* libsqlite3.dylib */; };
		8404CB511ACFBD960088D14F /* LoginViewController.m in Sources */ = {isa = PBXBuildFile; fileRef = 8404CB4F1ACFBD960088D14F /* LoginViewController.m */; };
		8404CB521ACFBD960088D14F /* LoginViewController.xib in Resources */ = {isa = PBXBuildFile; fileRef = 8404CB501ACFBD960088D14F /* LoginViewController.xib */; };
		8404CB5B1ACFBF7A0088D14F /* Converter.m in Sources */ = {isa = PBXBuildFile; fileRef = 8404CB581ACFBF7A0088D14F /* Converter.m */; };
		8404CB5C1ACFBF7A0088D14F /* NSDataConvert.m in Sources */ = {isa = PBXBuildFile; fileRef = 8404CB5A1ACFBF7A0088D14F /* NSDataConvert.m */; };
		8404CB601ACFC1170088D14F /* FindShadowsViewController.m in Sources */ = {isa = PBXBuildFile; fileRef = 8404CB5E1ACFC1170088D14F /* FindShadowsViewController.m */; };
		8404CB611ACFC1170088D14F /* FindShadowsViewController.xib in Resources */ = {isa = PBXBuildFile; fileRef = 8404CB5F1ACFC1170088D14F /* FindShadowsViewController.xib */; };
		8404CB6A1ACFC6F00088D14F /* DataViewController.m in Sources */ = {isa = PBXBuildFile; fileRef = 8404CB681ACFC6F00088D14F /* DataViewController.m */; };
		8404CB6B1ACFC6F00088D14F /* DataViewController.xib in Resources */ = {isa = PBXBuildFile; fileRef = 8404CB691ACFC6F00088D14F /* DataViewController.xib */; };
		8404CB711ACFC7F80088D14F /* Router.m in Sources */ = {isa = PBXBuildFile; fileRef = 8404CB701ACFC7F80088D14F /* Router.m */; };
		8404CB761ACFC8360088D14F /* ViewUserProfileViewController.m in Sources */ = {isa = PBXBuildFile; fileRef = 8404CB741ACFC8360088D14F /* ViewUserProfileViewController.m */; };
		8404CB771ACFC8360088D14F /* ViewUserProfileViewController.xib in Resources */ = {isa = PBXBuildFile; fileRef = 8404CB751ACFC8360088D14F /* ViewUserProfileViewController.xib */; };
		8404CB7A1ACFD3A70088D14F /* Social.framework in Frameworks */ = {isa = PBXBuildFile; fileRef = 8404CB791ACFD3A70088D14F /* Social.framework */; };
		8404CB7C1ACFD3AF0088D14F /* Accounts.framework in Frameworks */ = {isa = PBXBuildFile; fileRef = 8404CB7B1ACFD3AF0088D14F /* Accounts.framework */; };
		8404CB7F1ACFD4EB0088D14F /* FetchSuggestions.m in Sources */ = {isa = PBXBuildFile; fileRef = 8404CB7E1ACFD4EB0088D14F /* FetchSuggestions.m */; };
		8404CB841ACFD6C90088D14F /* SettingsViewController.m in Sources */ = {isa = PBXBuildFile; fileRef = 8404CB821ACFD6C90088D14F /* SettingsViewController.m */; };
		8404CB851ACFD6C90088D14F /* SettingsViewController.xib in Resources */ = {isa = PBXBuildFile; fileRef = 8404CB831ACFD6C90088D14F /* SettingsViewController.xib */; };
		8404CB881ACFE21C0088D14F /* Audio.m in Sources */ = {isa = PBXBuildFile; fileRef = 8404CB871ACFE21C0088D14F /* Audio.m */; };
		8404CB8F1ACFE72D0088D14F /* AcousticModelEnglish.bundle in Resources */ = {isa = PBXBuildFile; fileRef = 8404CB8B1ACFE72D0088D14F /* AcousticModelEnglish.bundle */; };
		8404CB901ACFE72D0088D14F /* AcousticModelSpanish.bundle in Resources */ = {isa = PBXBuildFile; fileRef = 8404CB8C1ACFE72D0088D14F /* AcousticModelSpanish.bundle */; };
		8404CB911ACFE72D0088D14F /* OpenEars.framework in Frameworks */ = {isa = PBXBuildFile; fileRef = 8404CB8D1ACFE72D0088D14F /* OpenEars.framework */; };
		8404CB921ACFE72D0088D14F /* Slt.framework in Frameworks */ = {isa = PBXBuildFile; fileRef = 8404CB8E1ACFE72D0088D14F /* Slt.framework */; };
		8404CB941ACFE7E50088D14F /* AVFoundation.framework in Frameworks */ = {isa = PBXBuildFile; fileRef = 8404CB931ACFE7E50088D14F /* AVFoundation.framework */; };
		8404CB971ACFEAE40088D14F /* SpeechToText.m in Sources */ = {isa = PBXBuildFile; fileRef = 8404CB961ACFEAE40088D14F /* SpeechToText.m */; };
		8404CBA31AD0643A0088D14F /* ShadowTableViewCell.m in Sources */ = {isa = PBXBuildFile; fileRef = 8404CBA11AD0643A0088D14F /* ShadowTableViewCell.m */; };
		8404CBA41AD0643A0088D14F /* ShadowTableViewCell.xib in Resources */ = {isa = PBXBuildFile; fileRef = 8404CBA21AD0643A0088D14F /* ShadowTableViewCell.xib */; };
		8404CBA81AD069970088D14F /* CreateAccountViewController.m in Sources */ = {isa = PBXBuildFile; fileRef = 8404CBA61AD069970088D14F /* CreateAccountViewController.m */; };
		8404CBA91AD069970088D14F /* CreateAccountViewController.xib in Resources */ = {isa = PBXBuildFile; fileRef = 8404CBA71AD069970088D14F /* CreateAccountViewController.xib */; };
		8404CBAC1AD06A6F0088D14F /* ParseDatabase.m in Sources */ = {isa = PBXBuildFile; fileRef = 8404CBAB1AD06A6F0088D14F /* ParseDatabase.m */; };
		8404CBAF1AD06B940088D14F /* CreateAccountOnServer.m in Sources */ = {isa = PBXBuildFile; fileRef = 8404CBAE1AD06B940088D14F /* CreateAccountOnServer.m */; };
		8404CBB41AD0861E0088D14F /* EditProfileViewController.m in Sources */ = {isa = PBXBuildFile; fileRef = 8404CBB21AD0861E0088D14F /* EditProfileViewController.m */; };
		8404CBB51AD0861E0088D14F /* EditProfileViewController.xib in Resources */ = {isa = PBXBuildFile; fileRef = 8404CBB31AD0861E0088D14F /* EditProfileViewController.xib */; };
		8404CBB91AD08F140088D14F /* DisplayLogViewController.m in Sources */ = {isa = PBXBuildFile; fileRef = 8404CBB71AD08F140088D14F /* DisplayLogViewController.m */; };
		8404CBBA1AD08F140088D14F /* DisplayLogViewController.xib in Resources */ = {isa = PBXBuildFile; fileRef = 8404CBB81AD08F140088D14F /* DisplayLogViewController.xib */; };
		8404CBBE1AD092000088D14F /* CalendarTableViewCell.m in Sources */ = {isa = PBXBuildFile; fileRef = 8404CBBC1AD092000088D14F /* CalendarTableViewCell.m */; };
		8404CBBF1AD092000088D14F /* CalendarTableViewCell.xib in Resources */ = {isa = PBXBuildFile; fileRef = 8404CBBD1AD092000088D14F /* CalendarTableViewCell.xib */; };
		8404CBC21AD0A24E0088D14F /* SwipeView.m in Sources */ = {isa = PBXBuildFile; fileRef = 8404CBC11AD0A24E0088D14F /* SwipeView.m */; };
		8404CBC61AD0B5070088D14F /* DataCruncher.m in Sources */ = {isa = PBXBuildFile; fileRef = 8404CBC51AD0B5070088D14F /* DataCruncher.m */; };
		8404CBC91AD0BA770088D14F /* ColoredView.m in Sources */ = {isa = PBXBuildFile; fileRef = 8404CBC81AD0BA770088D14F /* ColoredView.m */; };
		8404CBCB1AD0BA890088D14F /* ColoredView.xib in Resources */ = {isa = PBXBuildFile; fileRef = 8404CBCA1AD0BA890088D14F /* ColoredView.xib */; };
		8404CBCF1AD0BB6B0088D14F /* ColorViewController.m in Sources */ = {isa = PBXBuildFile; fileRef = 8404CBCD1AD0BB6B0088D14F /* ColorViewController.m */; };
		8404CBD01AD0BB6B0088D14F /* ColorViewController.xib in Resources */ = {isa = PBXBuildFile; fileRef = 8404CBCE1AD0BB6B0088D14F /* ColorViewController.xib */; };
		8404CBD31AD0CC8B0088D14F /* ColorViewCreator.m in Sources */ = {isa = PBXBuildFile; fileRef = 8404CBD21AD0CC8B0088D14F /* ColorViewCreator.m */; };
		8404CBD71AD0EE5F0088D14F /* ArraySearcher.m in Sources */ = {isa = PBXBuildFile; fileRef = 8404CBD61AD0EE5F0088D14F /* ArraySearcher.m */; };
		8404CBDA1AD10FB20088D14F /* GetCardSuggestions.m in Sources */ = {isa = PBXBuildFile; fileRef = 8404CBD91AD10FB20088D14F /* GetCardSuggestions.m */; };
		8404CBDD1AD1124E0088D14F /* CardView.m in Sources */ = {isa = PBXBuildFile; fileRef = 8404CBDC1AD1124E0088D14F /* CardView.m */; };
		8404CBDF1AD112580088D14F /* CardView.xib in Resources */ = {isa = PBXBuildFile; fileRef = 8404CBDE1AD112580088D14F /* CardView.xib */; };
/* End PBXBuildFile section */

/* Begin PBXContainerItemProxy section */
		8404CB241ACFB5C00088D14F /* PBXContainerItemProxy */ = {
			isa = PBXContainerItemProxy;
			containerPortal = 8404CB021ACFB5BE0088D14F /* Project object */;
			proxyType = 1;
			remoteGlobalIDString = 8404CB091ACFB5BF0088D14F;
			remoteInfo = TheHack;
		};
/* End PBXContainerItemProxy section */

/* Begin PBXFileReference section */
		420F872E1432F228EE208BD8 /* Pods.debug.xcconfig */ = {isa = PBXFileReference; includeInIndex = 1; lastKnownFileType = text.xcconfig; name = Pods.debug.xcconfig; path = "Pods/Target Support Files/Pods/Pods.debug.xcconfig"; sourceTree = "<group>"; };
		8404CB0A1ACFB5BF0088D14F /* TheHack.app */ = {isa = PBXFileReference; explicitFileType = wrapper.application; includeInIndex = 0; path = TheHack.app; sourceTree = BUILT_PRODUCTS_DIR; };
		8404CB0E1ACFB5BF0088D14F /* Info.plist */ = {isa = PBXFileReference; lastKnownFileType = text.plist.xml; path = Info.plist; sourceTree = "<group>"; };
		8404CB0F1ACFB5BF0088D14F /* main.m */ = {isa = PBXFileReference; lastKnownFileType = sourcecode.c.objc; path = main.m; sourceTree = "<group>"; };
		8404CB111ACFB5BF0088D14F /* AppDelegate.h */ = {isa = PBXFileReference; lastKnownFileType = sourcecode.c.h; path = AppDelegate.h; sourceTree = "<group>"; };
		8404CB121ACFB5BF0088D14F /* AppDelegate.m */ = {isa = PBXFileReference; lastKnownFileType = sourcecode.c.objc; path = AppDelegate.m; sourceTree = "<group>"; };
		8404CB1A1ACFB5BF0088D14F /* Images.xcassets */ = {isa = PBXFileReference; lastKnownFileType = folder.assetcatalog; path = Images.xcassets; sourceTree = "<group>"; };
		8404CB231ACFB5C00088D14F /* TheHackTests.xctest */ = {isa = PBXFileReference; explicitFileType = wrapper.cfbundle; includeInIndex = 0; path = TheHackTests.xctest; sourceTree = BUILT_PRODUCTS_DIR; };
		8404CB281ACFB5C00088D14F /* Info.plist */ = {isa = PBXFileReference; lastKnownFileType = text.plist.xml; path = Info.plist; sourceTree = "<group>"; };
		8404CB291ACFB5C00088D14F /* TheHackTests.m */ = {isa = PBXFileReference; lastKnownFileType = sourcecode.c.objc; path = TheHackTests.m; sourceTree = "<group>"; };
		8404CB331ACFBC740088D14F /* Parse.framework */ = {isa = PBXFileReference; lastKnownFileType = wrapper.framework; name = Parse.framework; path = TheHack/Parse.framework; sourceTree = "<group>"; };
		8404CB351ACFBC770088D14F /* Bolts.framework */ = {isa = PBXFileReference; lastKnownFileType = wrapper.framework; name = Bolts.framework; path = TheHack/Bolts.framework; sourceTree = "<group>"; };
		8404CB371ACFBCA20088D14F /* AudioToolbox.framework */ = {isa = PBXFileReference; lastKnownFileType = wrapper.framework; name = AudioToolbox.framework; path = System/Library/Frameworks/AudioToolbox.framework; sourceTree = SDKROOT; };
		8404CB391ACFBCAB0088D14F /* CFNetwork.framework */ = {isa = PBXFileReference; lastKnownFileType = wrapper.framework; name = CFNetwork.framework; path = System/Library/Frameworks/CFNetwork.framework; sourceTree = SDKROOT; };
		8404CB3A1ACFBCAB0088D14F /* CoreGraphics.framework */ = {isa = PBXFileReference; lastKnownFileType = wrapper.framework; name = CoreGraphics.framework; path = System/Library/Frameworks/CoreGraphics.framework; sourceTree = SDKROOT; };
		8404CB3D1ACFBCB40088D14F /* CoreLocation.framework */ = {isa = PBXFileReference; lastKnownFileType = wrapper.framework; name = CoreLocation.framework; path = System/Library/Frameworks/CoreLocation.framework; sourceTree = SDKROOT; };
		8404CB3F1ACFBCB90088D14F /* MobileCoreServices.framework */ = {isa = PBXFileReference; lastKnownFileType = wrapper.framework; name = MobileCoreServices.framework; path = System/Library/Frameworks/MobileCoreServices.framework; sourceTree = SDKROOT; };
		8404CB411ACFBCBE0088D14F /* QuartzCore.framework */ = {isa = PBXFileReference; lastKnownFileType = wrapper.framework; name = QuartzCore.framework; path = System/Library/Frameworks/QuartzCore.framework; sourceTree = SDKROOT; };
		8404CB431ACFBCDF0088D14F /* Security.framework */ = {isa = PBXFileReference; lastKnownFileType = wrapper.framework; name = Security.framework; path = System/Library/Frameworks/Security.framework; sourceTree = SDKROOT; };
		8404CB471ACFBD270088D14F /* SystemConfiguration.framework */ = {isa = PBXFileReference; lastKnownFileType = wrapper.framework; name = SystemConfiguration.framework; path = System/Library/Frameworks/SystemConfiguration.framework; sourceTree = SDKROOT; };
		8404CB491ACFBD300088D14F /* libz.dylib */ = {isa = PBXFileReference; lastKnownFileType = "compiled.mach-o.dylib"; name = libz.dylib; path = usr/lib/libz.dylib; sourceTree = SDKROOT; };
		8404CB4B1ACFBD400088D14F /* libsqlite3.dylib */ = {isa = PBXFileReference; lastKnownFileType = "compiled.mach-o.dylib"; name = libsqlite3.dylib; path = usr/lib/libsqlite3.dylib; sourceTree = SDKROOT; };
		8404CB4E1ACFBD960088D14F /* LoginViewController.h */ = {isa = PBXFileReference; fileEncoding = 4; lastKnownFileType = sourcecode.c.h; path = LoginViewController.h; sourceTree = "<group>"; };
		8404CB4F1ACFBD960088D14F /* LoginViewController.m */ = {isa = PBXFileReference; fileEncoding = 4; lastKnownFileType = sourcecode.c.objc; path = LoginViewController.m; sourceTree = "<group>"; };
		8404CB501ACFBD960088D14F /* LoginViewController.xib */ = {isa = PBXFileReference; fileEncoding = 4; lastKnownFileType = file.xib; path = LoginViewController.xib; sourceTree = "<group>"; };
		8404CB541ACFBF090088D14F /* NSUserDefaultValues.h */ = {isa = PBXFileReference; lastKnownFileType = sourcecode.c.h; path = NSUserDefaultValues.h; sourceTree = "<group>"; };
		8404CB551ACFBF090088D14F /* ParseUserValues.h */ = {isa = PBXFileReference; lastKnownFileType = sourcecode.c.h; path = ParseUserValues.h; sourceTree = "<group>"; };
		8404CB571ACFBF7A0088D14F /* Converter.h */ = {isa = PBXFileReference; fileEncoding = 4; lastKnownFileType = sourcecode.c.h; path = Converter.h; sourceTree = "<group>"; };
		8404CB581ACFBF7A0088D14F /* Converter.m */ = {isa = PBXFileReference; fileEncoding = 4; lastKnownFileType = sourcecode.c.objc; path = Converter.m; sourceTree = "<group>"; };
		8404CB591ACFBF7A0088D14F /* NSDataConvert.h */ = {isa = PBXFileReference; fileEncoding = 4; lastKnownFileType = sourcecode.c.h; path = NSDataConvert.h; sourceTree = "<group>"; };
		8404CB5A1ACFBF7A0088D14F /* NSDataConvert.m */ = {isa = PBXFileReference; fileEncoding = 4; lastKnownFileType = sourcecode.c.objc; path = NSDataConvert.m; sourceTree = "<group>"; };
		8404CB5D1ACFC1170088D14F /* FindShadowsViewController.h */ = {isa = PBXFileReference; fileEncoding = 4; lastKnownFileType = sourcecode.c.h; path = FindShadowsViewController.h; sourceTree = "<group>"; };
		8404CB5E1ACFC1170088D14F /* FindShadowsViewController.m */ = {isa = PBXFileReference; fileEncoding = 4; lastKnownFileType = sourcecode.c.objc; path = FindShadowsViewController.m; sourceTree = "<group>"; };
		8404CB5F1ACFC1170088D14F /* FindShadowsViewController.xib */ = {isa = PBXFileReference; fileEncoding = 4; lastKnownFileType = file.xib; path = FindShadowsViewController.xib; sourceTree = "<group>"; };
		8404CB671ACFC6F00088D14F /* DataViewController.h */ = {isa = PBXFileReference; fileEncoding = 4; lastKnownFileType = sourcecode.c.h; path = DataViewController.h; sourceTree = "<group>"; };
		8404CB681ACFC6F00088D14F /* DataViewController.m */ = {isa = PBXFileReference; fileEncoding = 4; lastKnownFileType = sourcecode.c.objc; path = DataViewController.m; sourceTree = "<group>"; };
		8404CB691ACFC6F00088D14F /* DataViewController.xib */ = {isa = PBXFileReference; fileEncoding = 4; lastKnownFileType = file.xib; path = DataViewController.xib; sourceTree = "<group>"; };
		8404CB6F1ACFC7F80088D14F /* Router.h */ = {isa = PBXFileReference; fileEncoding = 4; lastKnownFileType = sourcecode.c.h; path = Router.h; sourceTree = "<group>"; };
		8404CB701ACFC7F80088D14F /* Router.m */ = {isa = PBXFileReference; fileEncoding = 4; lastKnownFileType = sourcecode.c.objc; path = Router.m; sourceTree = "<group>"; };
		8404CB731ACFC8360088D14F /* ViewUserProfileViewController.h */ = {isa = PBXFileReference; fileEncoding = 4; lastKnownFileType = sourcecode.c.h; path = ViewUserProfileViewController.h; sourceTree = "<group>"; };
		8404CB741ACFC8360088D14F /* ViewUserProfileViewController.m */ = {isa = PBXFileReference; fileEncoding = 4; lastKnownFileType = sourcecode.c.objc; path = ViewUserProfileViewController.m; sourceTree = "<group>"; };
		8404CB751ACFC8360088D14F /* ViewUserProfileViewController.xib */ = {isa = PBXFileReference; fileEncoding = 4; lastKnownFileType = file.xib; path = ViewUserProfileViewController.xib; sourceTree = "<group>"; };
		8404CB791ACFD3A70088D14F /* Social.framework */ = {isa = PBXFileReference; lastKnownFileType = wrapper.framework; name = Social.framework; path = System/Library/Frameworks/Social.framework; sourceTree = SDKROOT; };
		8404CB7B1ACFD3AF0088D14F /* Accounts.framework */ = {isa = PBXFileReference; lastKnownFileType = wrapper.framework; name = Accounts.framework; path = System/Library/Frameworks/Accounts.framework; sourceTree = SDKROOT; };
		8404CB7D1ACFD4EB0088D14F /* FetchSuggestions.h */ = {isa = PBXFileReference; fileEncoding = 4; lastKnownFileType = sourcecode.c.h; path = FetchSuggestions.h; sourceTree = "<group>"; };
		8404CB7E1ACFD4EB0088D14F /* FetchSuggestions.m */ = {isa = PBXFileReference; fileEncoding = 4; lastKnownFileType = sourcecode.c.objc; path = FetchSuggestions.m; sourceTree = "<group>"; };
		8404CB811ACFD6C90088D14F /* SettingsViewController.h */ = {isa = PBXFileReference; fileEncoding = 4; lastKnownFileType = sourcecode.c.h; path = SettingsViewController.h; sourceTree = "<group>"; };
		8404CB821ACFD6C90088D14F /* SettingsViewController.m */ = {isa = PBXFileReference; fileEncoding = 4; lastKnownFileType = sourcecode.c.objc; path = SettingsViewController.m; sourceTree = "<group>"; };
		8404CB831ACFD6C90088D14F /* SettingsViewController.xib */ = {isa = PBXFileReference; fileEncoding = 4; lastKnownFileType = file.xib; path = SettingsViewController.xib; sourceTree = "<group>"; };
		8404CB861ACFE21C0088D14F /* Audio.h */ = {isa = PBXFileReference; fileEncoding = 4; lastKnownFileType = sourcecode.c.h; path = Audio.h; sourceTree = "<group>"; };
		8404CB871ACFE21C0088D14F /* Audio.m */ = {isa = PBXFileReference; fileEncoding = 4; lastKnownFileType = sourcecode.c.objc; path = Audio.m; sourceTree = "<group>"; };
		8404CB8B1ACFE72D0088D14F /* AcousticModelEnglish.bundle */ = {isa = PBXFileReference; lastKnownFileType = "wrapper.plug-in"; path = AcousticModelEnglish.bundle; sourceTree = "<group>"; };
		8404CB8C1ACFE72D0088D14F /* AcousticModelSpanish.bundle */ = {isa = PBXFileReference; lastKnownFileType = "wrapper.plug-in"; path = AcousticModelSpanish.bundle; sourceTree = "<group>"; };
		8404CB8D1ACFE72D0088D14F /* OpenEars.framework */ = {isa = PBXFileReference; lastKnownFileType = wrapper.framework; path = OpenEars.framework; sourceTree = "<group>"; };
		8404CB8E1ACFE72D0088D14F /* Slt.framework */ = {isa = PBXFileReference; lastKnownFileType = wrapper.framework; path = Slt.framework; sourceTree = "<group>"; };
		8404CB931ACFE7E50088D14F /* AVFoundation.framework */ = {isa = PBXFileReference; lastKnownFileType = wrapper.framework; name = AVFoundation.framework; path = System/Library/Frameworks/AVFoundation.framework; sourceTree = SDKROOT; };
		8404CB951ACFEAE40088D14F /* SpeechToText.h */ = {isa = PBXFileReference; fileEncoding = 4; lastKnownFileType = sourcecode.c.h; path = SpeechToText.h; sourceTree = "<group>"; };
		8404CB961ACFEAE40088D14F /* SpeechToText.m */ = {isa = PBXFileReference; fileEncoding = 4; lastKnownFileType = sourcecode.c.objc; path = SpeechToText.m; sourceTree = "<group>"; };
		8404CBA01AD0643A0088D14F /* ShadowTableViewCell.h */ = {isa = PBXFileReference; fileEncoding = 4; lastKnownFileType = sourcecode.c.h; path = ShadowTableViewCell.h; sourceTree = "<group>"; };
		8404CBA11AD0643A0088D14F /* ShadowTableViewCell.m */ = {isa = PBXFileReference; fileEncoding = 4; lastKnownFileType = sourcecode.c.objc; path = ShadowTableViewCell.m; sourceTree = "<group>"; };
		8404CBA21AD0643A0088D14F /* ShadowTableViewCell.xib */ = {isa = PBXFileReference; fileEncoding = 4; lastKnownFileType = file.xib; path = ShadowTableViewCell.xib; sourceTree = "<group>"; };
		8404CBA51AD069970088D14F /* CreateAccountViewController.h */ = {isa = PBXFileReference; fileEncoding = 4; lastKnownFileType = sourcecode.c.h; path = CreateAccountViewController.h; sourceTree = "<group>"; };
		8404CBA61AD069970088D14F /* CreateAccountViewController.m */ = {isa = PBXFileReference; fileEncoding = 4; lastKnownFileType = sourcecode.c.objc; path = CreateAccountViewController.m; sourceTree = "<group>"; };
		8404CBA71AD069970088D14F /* CreateAccountViewController.xib */ = {isa = PBXFileReference; fileEncoding = 4; lastKnownFileType = file.xib; path = CreateAccountViewController.xib; sourceTree = "<group>"; };
		8404CBAA1AD06A6F0088D14F /* ParseDatabase.h */ = {isa = PBXFileReference; fileEncoding = 4; lastKnownFileType = sourcecode.c.h; path = ParseDatabase.h; sourceTree = "<group>"; };
		8404CBAB1AD06A6F0088D14F /* ParseDatabase.m */ = {isa = PBXFileReference; fileEncoding = 4; lastKnownFileType = sourcecode.c.objc; path = ParseDatabase.m; sourceTree = "<group>"; };
		8404CBAD1AD06B940088D14F /* CreateAccountOnServer.h */ = {isa = PBXFileReference; fileEncoding = 4; lastKnownFileType = sourcecode.c.h; path = CreateAccountOnServer.h; sourceTree = "<group>"; };
		8404CBAE1AD06B940088D14F /* CreateAccountOnServer.m */ = {isa = PBXFileReference; fileEncoding = 4; lastKnownFileType = sourcecode.c.objc; path = CreateAccountOnServer.m; sourceTree = "<group>"; };
		8404CBB11AD0861E0088D14F /* EditProfileViewController.h */ = {isa = PBXFileReference; fileEncoding = 4; lastKnownFileType = sourcecode.c.h; path = EditProfileViewController.h; sourceTree = "<group>"; };
		8404CBB21AD0861E0088D14F /* EditProfileViewController.m */ = {isa = PBXFileReference; fileEncoding = 4; lastKnownFileType = sourcecode.c.objc; path = EditProfileViewController.m; sourceTree = "<group>"; };
		8404CBB31AD0861E0088D14F /* EditProfileViewController.xib */ = {isa = PBXFileReference; fileEncoding = 4; lastKnownFileType = file.xib; path = EditProfileViewController.xib; sourceTree = "<group>"; };
		8404CBB61AD08F140088D14F /* DisplayLogViewController.h */ = {isa = PBXFileReference; fileEncoding = 4; lastKnownFileType = sourcecode.c.h; path = DisplayLogViewController.h; sourceTree = "<group>"; };
		8404CBB71AD08F140088D14F /* DisplayLogViewController.m */ = {isa = PBXFileReference; fileEncoding = 4; lastKnownFileType = sourcecode.c.objc; path = DisplayLogViewController.m; sourceTree = "<group>"; };
		8404CBB81AD08F140088D14F /* DisplayLogViewController.xib */ = {isa = PBXFileReference; fileEncoding = 4; lastKnownFileType = file.xib; path = DisplayLogViewController.xib; sourceTree = "<group>"; };
		8404CBBB1AD092000088D14F /* CalendarTableViewCell.h */ = {isa = PBXFileReference; fileEncoding = 4; lastKnownFileType = sourcecode.c.h; path = CalendarTableViewCell.h; sourceTree = "<group>"; };
		8404CBBC1AD092000088D14F /* CalendarTableViewCell.m */ = {isa = PBXFileReference; fileEncoding = 4; lastKnownFileType = sourcecode.c.objc; path = CalendarTableViewCell.m; sourceTree = "<group>"; };
		8404CBBD1AD092000088D14F /* CalendarTableViewCell.xib */ = {isa = PBXFileReference; fileEncoding = 4; lastKnownFileType = file.xib; path = CalendarTableViewCell.xib; sourceTree = "<group>"; };
		8404CBC01AD0A24E0088D14F /* SwipeView.h */ = {isa = PBXFileReference; fileEncoding = 4; lastKnownFileType = sourcecode.c.h; path = SwipeView.h; sourceTree = "<group>"; };
		8404CBC11AD0A24E0088D14F /* SwipeView.m */ = {isa = PBXFileReference; fileEncoding = 4; lastKnownFileType = sourcecode.c.objc; path = SwipeView.m; sourceTree = "<group>"; };
		8404CBC31AD0A55F0088D14F /* FetchConstants.h */ = {isa = PBXFileReference; lastKnownFileType = sourcecode.c.h; path = FetchConstants.h; sourceTree = "<group>"; };
		8404CBC41AD0B5060088D14F /* DataCruncher.h */ = {isa = PBXFileReference; fileEncoding = 4; lastKnownFileType = sourcecode.c.h; path = DataCruncher.h; sourceTree = "<group>"; };
		8404CBC51AD0B5070088D14F /* DataCruncher.m */ = {isa = PBXFileReference; fileEncoding = 4; lastKnownFileType = sourcecode.c.objc; path = DataCruncher.m; sourceTree = "<group>"; };
		8404CBC71AD0BA770088D14F /* ColoredView.h */ = {isa = PBXFileReference; fileEncoding = 4; lastKnownFileType = sourcecode.c.h; path = ColoredView.h; sourceTree = "<group>"; };
		8404CBC81AD0BA770088D14F /* ColoredView.m */ = {isa = PBXFileReference; fileEncoding = 4; lastKnownFileType = sourcecode.c.objc; path = ColoredView.m; sourceTree = "<group>"; };
		8404CBCA1AD0BA890088D14F /* ColoredView.xib */ = {isa = PBXFileReference; fileEncoding = 4; lastKnownFileType = file.xib; path = ColoredView.xib; sourceTree = "<group>"; };
		8404CBCC1AD0BB6B0088D14F /* ColorViewController.h */ = {isa = PBXFileReference; fileEncoding = 4; lastKnownFileType = sourcecode.c.h; path = ColorViewController.h; sourceTree = "<group>"; };
		8404CBCD1AD0BB6B0088D14F /* ColorViewController.m */ = {isa = PBXFileReference; fileEncoding = 4; lastKnownFileType = sourcecode.c.objc; path = ColorViewController.m; sourceTree = "<group>"; };
		8404CBCE1AD0BB6B0088D14F /* ColorViewController.xib */ = {isa = PBXFileReference; fileEncoding = 4; lastKnownFileType = file.xib; path = ColorViewController.xib; sourceTree = "<group>"; };
		8404CBD11AD0CC8B0088D14F /* ColorViewCreator.h */ = {isa = PBXFileReference; fileEncoding = 4; lastKnownFileType = sourcecode.c.h; path = ColorViewCreator.h; sourceTree = "<group>"; };
		8404CBD21AD0CC8B0088D14F /* ColorViewCreator.m */ = {isa = PBXFileReference; fileEncoding = 4; lastKnownFileType = sourcecode.c.objc; path = ColorViewCreator.m; sourceTree = "<group>"; };
		8404CBD51AD0EE5F0088D14F /* ArraySearcher.h */ = {isa = PBXFileReference; fileEncoding = 4; lastKnownFileType = sourcecode.c.h; path = ArraySearcher.h; sourceTree = "<group>"; };
		8404CBD61AD0EE5F0088D14F /* ArraySearcher.m */ = {isa = PBXFileReference; fileEncoding = 4; lastKnownFileType = sourcecode.c.objc; path = ArraySearcher.m; sourceTree = "<group>"; };
		8404CBD81AD10FB20088D14F /* GetCardSuggestions.h */ = {isa = PBXFileReference; fileEncoding = 4; lastKnownFileType = sourcecode.c.h; path = GetCardSuggestions.h; sourceTree = "<group>"; };
		8404CBD91AD10FB20088D14F /* GetCardSuggestions.m */ = {isa = PBXFileReference; fileEncoding = 4; lastKnownFileType = sourcecode.c.objc; path = GetCardSuggestions.m; sourceTree = "<group>"; };
		8404CBDB1AD1124E0088D14F /* CardView.h */ = {isa = PBXFileReference; fileEncoding = 4; lastKnownFileType = sourcecode.c.h; path = CardView.h; sourceTree = "<group>"; };
		8404CBDC1AD1124E0088D14F /* CardView.m */ = {isa = PBXFileReference; fileEncoding = 4; lastKnownFileType = sourcecode.c.objc; path = CardView.m; sourceTree = "<group>"; };
		8404CBDE1AD112580088D14F /* CardView.xib */ = {isa = PBXFileReference; fileEncoding = 4; lastKnownFileType = file.xib; path = CardView.xib; sourceTree = "<group>"; };
		9EF8A0CEA36FE138D591102B /* Pods.release.xcconfig */ = {isa = PBXFileReference; includeInIndex = 1; lastKnownFileType = text.xcconfig; name = Pods.release.xcconfig; path = "Pods/Target Support Files/Pods/Pods.release.xcconfig"; sourceTree = "<group>"; };
		D271285710E0F499D0E751AD /* libPods.a */ = {isa = PBXFileReference; explicitFileType = archive.ar; includeInIndex = 0; path = libPods.a; sourceTree = BUILT_PRODUCTS_DIR; };
/* End PBXFileReference section */

/* Begin PBXFrameworksBuildPhase section */
		8404CB071ACFB5BF0088D14F /* Frameworks */ = {
			isa = PBXFrameworksBuildPhase;
			buildActionMask = 2147483647;
			files = (
				8404CB941ACFE7E50088D14F /* AVFoundation.framework in Frameworks */,
				8404CB7C1ACFD3AF0088D14F /* Accounts.framework in Frameworks */,
				8404CB7A1ACFD3A70088D14F /* Social.framework in Frameworks */,
				8404CB4C1ACFBD400088D14F /* libsqlite3.dylib in Frameworks */,
				8404CB4A1ACFBD300088D14F /* libz.dylib in Frameworks */,
				8404CB481ACFBD270088D14F /* SystemConfiguration.framework in Frameworks */,
				8404CB911ACFE72D0088D14F /* OpenEars.framework in Frameworks */,
				8404CB441ACFBCDF0088D14F /* Security.framework in Frameworks */,
				8404CB421ACFBCBE0088D14F /* QuartzCore.framework in Frameworks */,
				8404CB401ACFBCB90088D14F /* MobileCoreServices.framework in Frameworks */,
				8404CB3E1ACFBCB40088D14F /* CoreLocation.framework in Frameworks */,
				8404CB3B1ACFBCAB0088D14F /* CFNetwork.framework in Frameworks */,
				8404CB921ACFE72D0088D14F /* Slt.framework in Frameworks */,
				8404CB3C1ACFBCAB0088D14F /* CoreGraphics.framework in Frameworks */,
				8404CB381ACFBCA20088D14F /* AudioToolbox.framework in Frameworks */,
				8404CB341ACFBC740088D14F /* Parse.framework in Frameworks */,
				8404CB361ACFBC770088D14F /* Bolts.framework in Frameworks */,
				3B2736C0E39ED236BD79B66A /* libPods.a in Frameworks */,
			);
			runOnlyForDeploymentPostprocessing = 0;
		};
		8404CB201ACFB5C00088D14F /* Frameworks */ = {
			isa = PBXFrameworksBuildPhase;
			buildActionMask = 2147483647;
			files = (
			);
			runOnlyForDeploymentPostprocessing = 0;
		};
/* End PBXFrameworksBuildPhase section */

/* Begin PBXGroup section */
		8404CB011ACFB5BE0088D14F = {
			isa = PBXGroup;
			children = (
				8404CB4D1ACFBD6D0088D14F /* Frameworks */,
				8404CB0C1ACFB5BF0088D14F /* TheHack */,
				8404CB261ACFB5C00088D14F /* TheHackTests */,
				8404CB0B1ACFB5BF0088D14F /* Products */,
				C54AEAC80D47AC589A55721A /* Pods */,
			);
			sourceTree = "<group>";
		};
		8404CB0B1ACFB5BF0088D14F /* Products */ = {
			isa = PBXGroup;
			children = (
				8404CB0A1ACFB5BF0088D14F /* TheHack.app */,
				8404CB231ACFB5C00088D14F /* TheHackTests.xctest */,
			);
			name = Products;
			sourceTree = "<group>";
		};
		8404CB0C1ACFB5BF0088D14F /* TheHack */ = {
			isa = PBXGroup;
			children = (
				8404CBD41AD0EE4D0088D14F /* Search */,
				8404CB9F1AD0641D0088D14F /* CustomViews */,
				8404CB981AD0558E0088D14F /* Ryan */,
				8404CB891ACFE7200088D14F /* External */,
				8404CB801ACFD6B70088D14F /* SettingsInterface */,
				8404CB6E1ACFC7EE0088D14F /* APIs */,
				8404CB561ACFBF6A0088D14F /* Converters */,
				8404CB531ACFBE3D0088D14F /* Constants */,
				8404CB111ACFB5BF0088D14F /* AppDelegate.h */,
				8404CB121ACFB5BF0088D14F /* AppDelegate.m */,
				8404CB1A1ACFB5BF0088D14F /* Images.xcassets */,
				8404CB4E1ACFBD960088D14F /* LoginViewController.h */,
				8404CB4F1ACFBD960088D14F /* LoginViewController.m */,
				8404CB501ACFBD960088D14F /* LoginViewController.xib */,
				8404CB721ACFC8270088D14F /* UserInterface */,
				8404CB6C1ACFC6F90088D14F /* MainInterface */,
				8404CB0D1ACFB5BF0088D14F /* Supporting Files */,
			);
			path = TheHack;
			sourceTree = "<group>";
		};
		8404CB0D1ACFB5BF0088D14F /* Supporting Files */ = {
			isa = PBXGroup;
			children = (
				8404CB0E1ACFB5BF0088D14F /* Info.plist */,
				8404CB0F1ACFB5BF0088D14F /* main.m */,
			);
			name = "Supporting Files";
			sourceTree = "<group>";
		};
		8404CB261ACFB5C00088D14F /* TheHackTests */ = {
			isa = PBXGroup;
			children = (
				8404CB291ACFB5C00088D14F /* TheHackTests.m */,
				8404CB271ACFB5C00088D14F /* Supporting Files */,
			);
			path = TheHackTests;
			sourceTree = "<group>";
		};
		8404CB271ACFB5C00088D14F /* Supporting Files */ = {
			isa = PBXGroup;
			children = (
				8404CB281ACFB5C00088D14F /* Info.plist */,
			);
			name = "Supporting Files";
			sourceTree = "<group>";
		};
		8404CB4D1ACFBD6D0088D14F /* Frameworks */ = {
			isa = PBXGroup;
			children = (
				8404CB931ACFE7E50088D14F /* AVFoundation.framework */,
				8404CB7B1ACFD3AF0088D14F /* Accounts.framework */,
				8404CB791ACFD3A70088D14F /* Social.framework */,
				8404CB4B1ACFBD400088D14F /* libsqlite3.dylib */,
				8404CB351ACFBC770088D14F /* Bolts.framework */,
				8404CB331ACFBC740088D14F /* Parse.framework */,
				8404CB491ACFBD300088D14F /* libz.dylib */,
				8404CB471ACFBD270088D14F /* SystemConfiguration.framework */,
				8404CB431ACFBCDF0088D14F /* Security.framework */,
				8404CB411ACFBCBE0088D14F /* QuartzCore.framework */,
				8404CB3F1ACFBCB90088D14F /* MobileCoreServices.framework */,
				8404CB3D1ACFBCB40088D14F /* CoreLocation.framework */,
				8404CB391ACFBCAB0088D14F /* CFNetwork.framework */,
				8404CB3A1ACFBCAB0088D14F /* CoreGraphics.framework */,
				8404CB371ACFBCA20088D14F /* AudioToolbox.framework */,
				D271285710E0F499D0E751AD /* libPods.a */,
			);
			name = Frameworks;
			sourceTree = "<group>";
		};
		8404CB531ACFBE3D0088D14F /* Constants */ = {
			isa = PBXGroup;
			children = (
				8404CB541ACFBF090088D14F /* NSUserDefaultValues.h */,
				8404CB551ACFBF090088D14F /* ParseUserValues.h */,
				8404CBC31AD0A55F0088D14F /* FetchConstants.h */,
			);
			name = Constants;
			sourceTree = "<group>";
		};
		8404CB561ACFBF6A0088D14F /* Converters */ = {
			isa = PBXGroup;
			children = (
				8404CB571ACFBF7A0088D14F /* Converter.h */,
				8404CB581ACFBF7A0088D14F /* Converter.m */,
				8404CB591ACFBF7A0088D14F /* NSDataConvert.h */,
				8404CB5A1ACFBF7A0088D14F /* NSDataConvert.m */,
			);
			name = Converters;
			sourceTree = "<group>";
		};
		8404CB6C1ACFC6F90088D14F /* MainInterface */ = {
			isa = PBXGroup;
			children = (
				8404CB5D1ACFC1170088D14F /* FindShadowsViewController.h */,
				8404CB5E1ACFC1170088D14F /* FindShadowsViewController.m */,
				8404CB5F1ACFC1170088D14F /* FindShadowsViewController.xib */,
				8404CB671ACFC6F00088D14F /* DataViewController.h */,
				8404CB681ACFC6F00088D14F /* DataViewController.m */,
				8404CB691ACFC6F00088D14F /* DataViewController.xib */,
			);
			name = MainInterface;
			sourceTree = "<group>";
		};
		8404CB6E1ACFC7EE0088D14F /* APIs */ = {
			isa = PBXGroup;
			children = (
				8404CBB01AD06B9D0088D14F /* Parse */,
				8404CB861ACFE21C0088D14F /* Audio.h */,
				8404CB871ACFE21C0088D14F /* Audio.m */,
				8404CB6F1ACFC7F80088D14F /* Router.h */,
				8404CB701ACFC7F80088D14F /* Router.m */,
				8404CB7D1ACFD4EB0088D14F /* FetchSuggestions.h */,
				8404CB7E1ACFD4EB0088D14F /* FetchSuggestions.m */,
				8404CB951ACFEAE40088D14F /* SpeechToText.h */,
				8404CB961ACFEAE40088D14F /* SpeechToText.m */,
				8404CBC41AD0B5060088D14F /* DataCruncher.h */,
				8404CBC51AD0B5070088D14F /* DataCruncher.m */,
				8404CBD81AD10FB20088D14F /* GetCardSuggestions.h */,
				8404CBD91AD10FB20088D14F /* GetCardSuggestions.m */,
			);
			name = APIs;
			sourceTree = "<group>";
		};
		8404CB721ACFC8270088D14F /* UserInterface */ = {
			isa = PBXGroup;
			children = (
				8404CB731ACFC8360088D14F /* ViewUserProfileViewController.h */,
				8404CB741ACFC8360088D14F /* ViewUserProfileViewController.m */,
				8404CB751ACFC8360088D14F /* ViewUserProfileViewController.xib */,
				8404CBB11AD0861E0088D14F /* EditProfileViewController.h */,
				8404CBB21AD0861E0088D14F /* EditProfileViewController.m */,
				8404CBB31AD0861E0088D14F /* EditProfileViewController.xib */,
				8404CBB61AD08F140088D14F /* DisplayLogViewController.h */,
				8404CBB71AD08F140088D14F /* DisplayLogViewController.m */,
				8404CBB81AD08F140088D14F /* DisplayLogViewController.xib */,
			);
			name = UserInterface;
			sourceTree = "<group>";
		};
		8404CB801ACFD6B70088D14F /* SettingsInterface */ = {
			isa = PBXGroup;
			children = (
				8404CB811ACFD6C90088D14F /* SettingsViewController.h */,
				8404CB821ACFD6C90088D14F /* SettingsViewController.m */,
				8404CB831ACFD6C90088D14F /* SettingsViewController.xib */,
				8404CBA51AD069970088D14F /* CreateAccountViewController.h */,
				8404CBA61AD069970088D14F /* CreateAccountViewController.m */,
				8404CBA71AD069970088D14F /* CreateAccountViewController.xib */,
			);
			name = SettingsInterface;
			sourceTree = "<group>";
		};
		8404CB891ACFE7200088D14F /* External */ = {
			isa = PBXGroup;
			children = (
				8404CBC01AD0A24E0088D14F /* SwipeView.h */,
				8404CBC11AD0A24E0088D14F /* SwipeView.m */,
				8404CB8A1ACFE72D0088D14F /* Framework */,
			);
			name = External;
			sourceTree = "<group>";
		};
		8404CB8A1ACFE72D0088D14F /* Framework */ = {
			isa = PBXGroup;
			children = (
				8404CB8B1ACFE72D0088D14F /* AcousticModelEnglish.bundle */,
				8404CB8C1ACFE72D0088D14F /* AcousticModelSpanish.bundle */,
				8404CB8D1ACFE72D0088D14F /* OpenEars.framework */,
				8404CB8E1ACFE72D0088D14F /* Slt.framework */,
			);
			path = Framework;
			sourceTree = "<group>";
		};
		8404CB981AD0558E0088D14F /* Ryan */ = {
			isa = PBXGroup;
			children = (
				8404CB9E1AD056330088D14F /* APIs */,
				8404CBCC1AD0BB6B0088D14F /* ColorViewController.h */,
				8404CBCD1AD0BB6B0088D14F /* ColorViewController.m */,
				8404CBCE1AD0BB6B0088D14F /* ColorViewController.xib */,
			);
			name = Ryan;
			sourceTree = "<group>";
		};
		8404CB9E1AD056330088D14F /* APIs */ = {
			isa = PBXGroup;
			children = (
				8404CBD11AD0CC8B0088D14F /* ColorViewCreator.h */,
				8404CBD21AD0CC8B0088D14F /* ColorViewCreator.m */,
			);
			name = APIs;
			sourceTree = "<group>";
		};
		8404CB9F1AD0641D0088D14F /* CustomViews */ = {
			isa = PBXGroup;
			children = (
				8404CBA01AD0643A0088D14F /* ShadowTableViewCell.h */,
				8404CBA11AD0643A0088D14F /* ShadowTableViewCell.m */,
				8404CBA21AD0643A0088D14F /* ShadowTableViewCell.xib */,
				8404CBBB1AD092000088D14F /* CalendarTableViewCell.h */,
				8404CBBC1AD092000088D14F /* CalendarTableViewCell.m */,
				8404CBBD1AD092000088D14F /* CalendarTableViewCell.xib */,
				8404CBC71AD0BA770088D14F /* ColoredView.h */,
				8404CBC81AD0BA770088D14F /* ColoredView.m */,
				8404CBCA1AD0BA890088D14F /* ColoredView.xib */,
				8404CBDB1AD1124E0088D14F /* CardView.h */,
				8404CBDC1AD1124E0088D14F /* CardView.m */,
				8404CBDE1AD112580088D14F /* CardView.xib */,
			);
			name = CustomViews;
			sourceTree = "<group>";
		};
		8404CBB01AD06B9D0088D14F /* Parse */ = {
			isa = PBXGroup;
			children = (
				8404CBAA1AD06A6F0088D14F /* ParseDatabase.h */,
				8404CBAB1AD06A6F0088D14F /* ParseDatabase.m */,
				8404CBAD1AD06B940088D14F /* CreateAccountOnServer.h */,
				8404CBAE1AD06B940088D14F /* CreateAccountOnServer.m */,
			);
			name = Parse;
			sourceTree = "<group>";
		};
		8404CBD41AD0EE4D0088D14F /* Search */ = {
			isa = PBXGroup;
			children = (
				8404CBD51AD0EE5F0088D14F /* ArraySearcher.h */,
				8404CBD61AD0EE5F0088D14F /* ArraySearcher.m */,
			);
			name = Search;
			sourceTree = "<group>";
		};
		C54AEAC80D47AC589A55721A /* Pods */ = {
			isa = PBXGroup;
			children = (
				420F872E1432F228EE208BD8 /* Pods.debug.xcconfig */,
				9EF8A0CEA36FE138D591102B /* Pods.release.xcconfig */,
			);
			name = Pods;
			sourceTree = "<group>";
		};
/* End PBXGroup section */

/* Begin PBXNativeTarget section */
		8404CB091ACFB5BF0088D14F /* TheHack */ = {
			isa = PBXNativeTarget;
			buildConfigurationList = 8404CB2D1ACFB5C00088D14F /* Build configuration list for PBXNativeTarget "TheHack" */;
			buildPhases = (
				0ECD9498C66CF6A231310B8F /* Check Pods Manifest.lock */,
				8404CB061ACFB5BF0088D14F /* Sources */,
				8404CB071ACFB5BF0088D14F /* Frameworks */,
				8404CB081ACFB5BF0088D14F /* Resources */,
				55E92F588948F6284DBA8863 /* Copy Pods Resources */,
			);
			buildRules = (
			);
			dependencies = (
			);
			name = TheHack;
			productName = TheHack;
			productReference = 8404CB0A1ACFB5BF0088D14F /* TheHack.app */;
			productType = "com.apple.product-type.application";
		};
		8404CB221ACFB5C00088D14F /* TheHackTests */ = {
			isa = PBXNativeTarget;
			buildConfigurationList = 8404CB301ACFB5C00088D14F /* Build configuration list for PBXNativeTarget "TheHackTests" */;
			buildPhases = (
				8404CB1F1ACFB5C00088D14F /* Sources */,
				8404CB201ACFB5C00088D14F /* Frameworks */,
				8404CB211ACFB5C00088D14F /* Resources */,
			);
			buildRules = (
			);
			dependencies = (
				8404CB251ACFB5C00088D14F /* PBXTargetDependency */,
			);
			name = TheHackTests;
			productName = TheHackTests;
			productReference = 8404CB231ACFB5C00088D14F /* TheHackTests.xctest */;
			productType = "com.apple.product-type.bundle.unit-test";
		};
/* End PBXNativeTarget section */

/* Begin PBXProject section */
		8404CB021ACFB5BE0088D14F /* Project object */ = {
			isa = PBXProject;
			attributes = {
				LastUpgradeCheck = 0620;
				ORGANIZATIONNAME = "William Gu";
				TargetAttributes = {
					8404CB091ACFB5BF0088D14F = {
						CreatedOnToolsVersion = 6.2;
						DevelopmentTeam = X8C323275L;
						SystemCapabilities = {
							com.apple.InAppPurchase = {
								enabled = 0;
							};
						};
					};
					8404CB221ACFB5C00088D14F = {
						CreatedOnToolsVersion = 6.2;
						TestTargetID = 8404CB091ACFB5BF0088D14F;
					};
				};
			};
			buildConfigurationList = 8404CB051ACFB5BE0088D14F /* Build configuration list for PBXProject "TheHack" */;
			compatibilityVersion = "Xcode 3.2";
			developmentRegion = English;
			hasScannedForEncodings = 0;
			knownRegions = (
				en,
				Base,
			);
			mainGroup = 8404CB011ACFB5BE0088D14F;
			productRefGroup = 8404CB0B1ACFB5BF0088D14F /* Products */;
			projectDirPath = "";
			projectRoot = "";
			targets = (
				8404CB091ACFB5BF0088D14F /* TheHack */,
				8404CB221ACFB5C00088D14F /* TheHackTests */,
			);
		};
/* End PBXProject section */

/* Begin PBXResourcesBuildPhase section */
		8404CB081ACFB5BF0088D14F /* Resources */ = {
			isa = PBXResourcesBuildPhase;
			buildActionMask = 2147483647;
			files = (
				8404CBA41AD0643A0088D14F /* ShadowTableViewCell.xib in Resources */,
				8404CBB51AD0861E0088D14F /* EditProfileViewController.xib in Resources */,
				8404CBDF1AD112580088D14F /* CardView.xib in Resources */,
				8404CB901ACFE72D0088D14F /* AcousticModelSpanish.bundle in Resources */,
				8404CB8F1ACFE72D0088D14F /* AcousticModelEnglish.bundle in Resources */,
				8404CBCB1AD0BA890088D14F /* ColoredView.xib in Resources */,
				8404CBD01AD0BB6B0088D14F /* ColorViewController.xib in Resources */,
				8404CB6B1ACFC6F00088D14F /* DataViewController.xib in Resources */,
				8404CBBF1AD092000088D14F /* CalendarTableViewCell.xib in Resources */,
				8404CB771ACFC8360088D14F /* ViewUserProfileViewController.xib in Resources */,
				8404CB521ACFBD960088D14F /* LoginViewController.xib in Resources */,
				8404CBA91AD069970088D14F /* CreateAccountViewController.xib in Resources */,
				8404CBBA1AD08F140088D14F /* DisplayLogViewController.xib in Resources */,
				8404CB1B1ACFB5BF0088D14F /* Images.xcassets in Resources */,
				8404CB851ACFD6C90088D14F /* SettingsViewController.xib in Resources */,
				8404CB611ACFC1170088D14F /* FindShadowsViewController.xib in Resources */,
			);
			runOnlyForDeploymentPostprocessing = 0;
		};
		8404CB211ACFB5C00088D14F /* Resources */ = {
			isa = PBXResourcesBuildPhase;
			buildActionMask = 2147483647;
			files = (
			);
			runOnlyForDeploymentPostprocessing = 0;
		};
/* End PBXResourcesBuildPhase section */

/* Begin PBXShellScriptBuildPhase section */
		0ECD9498C66CF6A231310B8F /* Check Pods Manifest.lock */ = {
			isa = PBXShellScriptBuildPhase;
			buildActionMask = 2147483647;
			files = (
			);
			inputPaths = (
			);
			name = "Check Pods Manifest.lock";
			outputPaths = (
			);
			runOnlyForDeploymentPostprocessing = 0;
			shellPath = /bin/sh;
			shellScript = "diff \"${PODS_ROOT}/../Podfile.lock\" \"${PODS_ROOT}/Manifest.lock\" > /dev/null\nif [[ $? != 0 ]] ; then\n    cat << EOM\nerror: The sandbox is not in sync with the Podfile.lock. Run 'pod install' or update your CocoaPods installation.\nEOM\n    exit 1\nfi\n";
			showEnvVarsInLog = 0;
		};
		55E92F588948F6284DBA8863 /* Copy Pods Resources */ = {
			isa = PBXShellScriptBuildPhase;
			buildActionMask = 2147483647;
			files = (
			);
			inputPaths = (
			);
			name = "Copy Pods Resources";
			outputPaths = (
			);
			runOnlyForDeploymentPostprocessing = 0;
			shellPath = /bin/sh;
			shellScript = "\"${SRCROOT}/Pods/Target Support Files/Pods/Pods-resources.sh\"\n";
			showEnvVarsInLog = 0;
		};
/* End PBXShellScriptBuildPhase section */

/* Begin PBXSourcesBuildPhase section */
		8404CB061ACFB5BF0088D14F /* Sources */ = {
			isa = PBXSourcesBuildPhase;
			buildActionMask = 2147483647;
			files = (
				8404CB761ACFC8360088D14F /* ViewUserProfileViewController.m in Sources */,
				8404CBD31AD0CC8B0088D14F /* ColorViewCreator.m in Sources */,
				8404CBD71AD0EE5F0088D14F /* ArraySearcher.m in Sources */,
				8404CB6A1ACFC6F00088D14F /* DataViewController.m in Sources */,
				8404CB881ACFE21C0088D14F /* Audio.m in Sources */,
				8404CB5C1ACFBF7A0088D14F /* NSDataConvert.m in Sources */,
				8404CBDD1AD1124E0088D14F /* CardView.m in Sources */,
				8404CBC61AD0B5070088D14F /* DataCruncher.m in Sources */,
				8404CB841ACFD6C90088D14F /* SettingsViewController.m in Sources */,
				8404CB7F1ACFD4EB0088D14F /* FetchSuggestions.m in Sources */,
				8404CBB91AD08F140088D14F /* DisplayLogViewController.m in Sources */,
				8404CB131ACFB5BF0088D14F /* AppDelegate.m in Sources */,
				8404CBA31AD0643A0088D14F /* ShadowTableViewCell.m in Sources */,
				8404CBA81AD069970088D14F /* CreateAccountViewController.m in Sources */,
				8404CB101ACFB5BF0088D14F /* main.m in Sources */,
				8404CBBE1AD092000088D14F /* CalendarTableViewCell.m in Sources */,
				8404CBB41AD0861E0088D14F /* EditProfileViewController.m in Sources */,
				8404CB971ACFEAE40088D14F /* SpeechToText.m in Sources */,
				8404CB601ACFC1170088D14F /* FindShadowsViewController.m in Sources */,
				8404CBAC1AD06A6F0088D14F /* ParseDatabase.m in Sources */,
				8404CB5B1ACFBF7A0088D14F /* Converter.m in Sources */,
				8404CBC91AD0BA770088D14F /* ColoredView.m in Sources */,
				8404CBAF1AD06B940088D14F /* CreateAccountOnServer.m in Sources */,
				8404CBCF1AD0BB6B0088D14F /* ColorViewController.m in Sources */,
				8404CB711ACFC7F80088D14F /* Router.m in Sources */,
				8404CBC21AD0A24E0088D14F /* SwipeView.m in Sources */,
				8404CBDA1AD10FB20088D14F /* GetCardSuggestions.m in Sources */,
				8404CB511ACFBD960088D14F /* LoginViewController.m in Sources */,
			);
			runOnlyForDeploymentPostprocessing = 0;
		};
		8404CB1F1ACFB5C00088D14F /* Sources */ = {
			isa = PBXSourcesBuildPhase;
			buildActionMask = 2147483647;
			files = (
				8404CB2A1ACFB5C00088D14F /* TheHackTests.m in Sources */,
			);
			runOnlyForDeploymentPostprocessing = 0;
		};
/* End PBXSourcesBuildPhase section */

/* Begin PBXTargetDependency section */
		8404CB251ACFB5C00088D14F /* PBXTargetDependency */ = {
			isa = PBXTargetDependency;
			target = 8404CB091ACFB5BF0088D14F /* TheHack */;
			targetProxy = 8404CB241ACFB5C00088D14F /* PBXContainerItemProxy */;
		};
/* End PBXTargetDependency section */

/* Begin XCBuildConfiguration section */
		8404CB2B1ACFB5C00088D14F /* Debug */ = {
			isa = XCBuildConfiguration;
			buildSettings = {
				ALWAYS_SEARCH_USER_PATHS = NO;
				CLANG_CXX_LANGUAGE_STANDARD = "gnu++0x";
				CLANG_CXX_LIBRARY = "libc++";
				CLANG_ENABLE_MODULES = YES;
				CLANG_ENABLE_OBJC_ARC = YES;
				CLANG_WARN_BOOL_CONVERSION = YES;
				CLANG_WARN_CONSTANT_CONVERSION = YES;
				CLANG_WARN_DIRECT_OBJC_ISA_USAGE = YES_ERROR;
				CLANG_WARN_EMPTY_BODY = YES;
				CLANG_WARN_ENUM_CONVERSION = YES;
				CLANG_WARN_INT_CONVERSION = YES;
				CLANG_WARN_OBJC_ROOT_CLASS = YES_ERROR;
				CLANG_WARN_UNREACHABLE_CODE = YES;
				CLANG_WARN__DUPLICATE_METHOD_MATCH = YES;
				"CODE_SIGN_IDENTITY[sdk=iphoneos*]" = "iPhone Developer";
				COPY_PHASE_STRIP = NO;
				ENABLE_STRICT_OBJC_MSGSEND = YES;
				GCC_C_LANGUAGE_STANDARD = gnu99;
				GCC_DYNAMIC_NO_PIC = NO;
				GCC_OPTIMIZATION_LEVEL = 0;
				GCC_PREPROCESSOR_DEFINITIONS = (
					"DEBUG=1",
					"$(inherited)",
				);
				GCC_SYMBOLS_PRIVATE_EXTERN = NO;
				GCC_WARN_64_TO_32_BIT_CONVERSION = YES;
				GCC_WARN_ABOUT_RETURN_TYPE = YES_ERROR;
				GCC_WARN_UNDECLARED_SELECTOR = YES;
				GCC_WARN_UNINITIALIZED_AUTOS = YES_AGGRESSIVE;
				GCC_WARN_UNUSED_FUNCTION = YES;
				GCC_WARN_UNUSED_VARIABLE = YES;
				IPHONEOS_DEPLOYMENT_TARGET = 8.2;
				MTL_ENABLE_DEBUG_INFO = YES;
				ONLY_ACTIVE_ARCH = YES;
				SDKROOT = iphoneos;
			};
			name = Debug;
		};
		8404CB2C1ACFB5C00088D14F /* Release */ = {
			isa = XCBuildConfiguration;
			buildSettings = {
				ALWAYS_SEARCH_USER_PATHS = NO;
				CLANG_CXX_LANGUAGE_STANDARD = "gnu++0x";
				CLANG_CXX_LIBRARY = "libc++";
				CLANG_ENABLE_MODULES = YES;
				CLANG_ENABLE_OBJC_ARC = YES;
				CLANG_WARN_BOOL_CONVERSION = YES;
				CLANG_WARN_CONSTANT_CONVERSION = YES;
				CLANG_WARN_DIRECT_OBJC_ISA_USAGE = YES_ERROR;
				CLANG_WARN_EMPTY_BODY = YES;
				CLANG_WARN_ENUM_CONVERSION = YES;
				CLANG_WARN_INT_CONVERSION = YES;
				CLANG_WARN_OBJC_ROOT_CLASS = YES_ERROR;
				CLANG_WARN_UNREACHABLE_CODE = YES;
				CLANG_WARN__DUPLICATE_METHOD_MATCH = YES;
				"CODE_SIGN_IDENTITY[sdk=iphoneos*]" = "iPhone Developer";
				COPY_PHASE_STRIP = NO;
				ENABLE_NS_ASSERTIONS = NO;
				ENABLE_STRICT_OBJC_MSGSEND = YES;
				GCC_C_LANGUAGE_STANDARD = gnu99;
				GCC_WARN_64_TO_32_BIT_CONVERSION = YES;
				GCC_WARN_ABOUT_RETURN_TYPE = YES_ERROR;
				GCC_WARN_UNDECLARED_SELECTOR = YES;
				GCC_WARN_UNINITIALIZED_AUTOS = YES_AGGRESSIVE;
				GCC_WARN_UNUSED_FUNCTION = YES;
				GCC_WARN_UNUSED_VARIABLE = YES;
				IPHONEOS_DEPLOYMENT_TARGET = 8.2;
				MTL_ENABLE_DEBUG_INFO = NO;
				SDKROOT = iphoneos;
				VALIDATE_PRODUCT = YES;
			};
			name = Release;
		};
		8404CB2E1ACFB5C00088D14F /* Debug */ = {
			isa = XCBuildConfiguration;
			baseConfigurationReference = 420F872E1432F228EE208BD8 /* Pods.debug.xcconfig */;
			buildSettings = {
				ASSETCATALOG_COMPILER_APPICON_NAME = AppIcon;
				ASSETCATALOG_COMPILER_LAUNCHIMAGE_NAME = LaunchImage;
				CODE_SIGN_IDENTITY = "iPhone Developer";
				FRAMEWORK_SEARCH_PATHS = (
					"$(inherited)",
					"$(PROJECT_DIR)/TheHack",
					"$(PROJECT_DIR)/TheHack/Framework",
				);
				INFOPLIST_FILE = TheHack/Info.plist;
				IPHONEOS_DEPLOYMENT_TARGET = 7.0;
				LD_RUNPATH_SEARCH_PATHS = "$(inherited) @executable_path/Frameworks";
				PRODUCT_NAME = "$(TARGET_NAME)";
			};
			name = Debug;
		};
		8404CB2F1ACFB5C00088D14F /* Release */ = {
			isa = XCBuildConfiguration;
			baseConfigurationReference = 9EF8A0CEA36FE138D591102B /* Pods.release.xcconfig */;
			buildSettings = {
				ASSETCATALOG_COMPILER_APPICON_NAME = AppIcon;
				ASSETCATALOG_COMPILER_LAUNCHIMAGE_NAME = LaunchImage;
				CODE_SIGN_IDENTITY = "iPhone Developer";
				FRAMEWORK_SEARCH_PATHS = (
					"$(inherited)",
					"$(PROJECT_DIR)/TheHack",
					"$(PROJECT_DIR)/TheHack/Framework",
				);
				INFOPLIST_FILE = TheHack/Info.plist;
				IPHONEOS_DEPLOYMENT_TARGET = 7.0;
				LD_RUNPATH_SEARCH_PATHS = "$(inherited) @executable_path/Frameworks";
				PRODUCT_NAME = "$(TARGET_NAME)";
			};
			name = Release;
		};
		8404CB311ACFB5C00088D14F /* Debug */ = {
			isa = XCBuildConfiguration;
			buildSettings = {
				BUNDLE_LOADER = "$(TEST_HOST)";
				FRAMEWORK_SEARCH_PATHS = (
					"$(SDKROOT)/Developer/Library/Frameworks",
					"$(inherited)",
				);
				GCC_PREPROCESSOR_DEFINITIONS = (
					"DEBUG=1",
					"$(inherited)",
				);
				INFOPLIST_FILE = TheHackTests/Info.plist;
				LD_RUNPATH_SEARCH_PATHS = "$(inherited) @executable_path/Frameworks @loader_path/Frameworks";
				PRODUCT_NAME = "$(TARGET_NAME)";
				TEST_HOST = "$(BUILT_PRODUCTS_DIR)/TheHack.app/TheHack";
			};
			name = Debug;
		};
		8404CB321ACFB5C00088D14F /* Release */ = {
			isa = XCBuildConfiguration;
			buildSettings = {
				BUNDLE_LOADER = "$(TEST_HOST)";
				FRAMEWORK_SEARCH_PATHS = (
					"$(SDKROOT)/Developer/Library/Frameworks",
					"$(inherited)",
				);
				INFOPLIST_FILE = TheHackTests/Info.plist;
				LD_RUNPATH_SEARCH_PATHS = "$(inherited) @executable_path/Frameworks @loader_path/Frameworks";
				PRODUCT_NAME = "$(TARGET_NAME)";
				TEST_HOST = "$(BUILT_PRODUCTS_DIR)/TheHack.app/TheHack";
			};
			name = Release;
		};
/* End XCBuildConfiguration section */

/* Begin XCConfigurationList section */
		8404CB051ACFB5BE0088D14F /* Build configuration list for PBXProject "TheHack" */ = {
			isa = XCConfigurationList;
			buildConfigurations = (
				8404CB2B1ACFB5C00088D14F /* Debug */,
				8404CB2C1ACFB5C00088D14F /* Release */,
			);
			defaultConfigurationIsVisible = 0;
			defaultConfigurationName = Release;
		};
		8404CB2D1ACFB5C00088D14F /* Build configuration list for PBXNativeTarget "TheHack" */ = {
			isa = XCConfigurationList;
			buildConfigurations = (
				8404CB2E1ACFB5C00088D14F /* Debug */,
				8404CB2F1ACFB5C00088D14F /* Release */,
			);
			defaultConfigurationIsVisible = 0;
			defaultConfigurationName = Release;
		};
		8404CB301ACFB5C00088D14F /* Build configuration list for PBXNativeTarget "TheHackTests" */ = {
			isa = XCConfigurationList;
			buildConfigurations = (
				8404CB311ACFB5C00088D14F /* Debug */,
				8404CB321ACFB5C00088D14F /* Release */,
			);
			defaultConfigurationIsVisible = 0;
			defaultConfigurationName = Release;
		};
/* End XCConfigurationList section */
	};
	rootObject = 8404CB021ACFB5BE0088D14F /* Project object */;
}
