// !$*UTF8*$!
{
	archiveVersion = 1;
	classes = {
	};
	objectVersion = 46;
	objects = {

/* Begin PBXBuildFile section */
		8404CB101ACFB5BF0088D14F /* main.m in Sources */ = {isa = PBXBuildFile; fileRef = 8404CB0F1ACFB5BF0088D14F /* main.m */; };
		8404CB131ACFB5BF0088D14F /* AppDelegate.m in Sources */ = {isa = PBXBuildFile; fileRef = 8404CB121ACFB5BF0088D14F /* AppDelegate.m */; };
		8404CB1B1ACFB5BF0088D14F /* Images.xcassets in Resources */ = {isa = PBXBuildFile; fileRef = 8404CB1A1ACFB5BF0088D14F /* Images.xcassets */; };
		8404CB2A1ACFB5C00088D14F /* TheHackTests.m in Sources */ = {isa = PBXBuildFile; fileRef = 8404CB291ACFB5C00088D14F /* TheHackTests.m */; };
/* End PBXBuildFile section */

/* Begin PBXContainerItemProxy section */
		8404CB241ACFB5C00088D14F /* PBXContainerItemProxy */ = {
			isa = PBXContainerItemProxy;
			containerPortal = 8404CB021ACFB5BE0088D14F /* Project object */;
			proxyType = 1;
			remoteGlobalIDString = 8404CB091ACFB5BF0088D14F;
			remoteInfo = TheHack;
		};
/* End PBXContainerItemProxy section */

/* Begin PBXFileReference section */
		8404CB0A1ACFB5BF0088D14F /* TheHack.app */ = {isa = PBXFileReference; explicitFileType = wrapper.application; includeInIndex = 0; path = TheHack.app; sourceTree = BUILT_PRODUCTS_DIR; };
		8404CB0E1ACFB5BF0088D14F /* Info.plist */ = {isa = PBXFileReference; lastKnownFileType = text.plist.xml; path = Info.plist; sourceTree = "<group>"; };
		8404CB0F1ACFB5BF0088D14F /* main.m */ = {isa = PBXFileReference; lastKnownFileType = sourcecode.c.objc; path = main.m; sourceTree = "<group>"; };
		8404CB111ACFB5BF0088D14F /* AppDelegate.h */ = {isa = PBXFileReference; lastKnownFileType = sourcecode.c.h; path = AppDelegate.h; sourceTree = "<group>"; };
		8404CB121ACFB5BF0088D14F /* AppDelegate.m */ = {isa = PBXFileReference; lastKnownFileType = sourcecode.c.objc; path = AppDelegate.m; sourceTree = "<group>"; };
		8404CB1A1ACFB5BF0088D14F /* Images.xcassets */ = {isa = PBXFileReference; lastKnownFileType = folder.assetcatalog; path = Images.xcassets; sourceTree = "<group>"; };
		8404CB231ACFB5C00088D14F /* TheHackTests.xctest */ = {isa = PBXFileReference; explicitFileType = wrapper.cfbundle; includeInIndex = 0; path = TheHackTests.xctest; sourceTree = BUILT_PRODUCTS_DIR; };
		8404CB281ACFB5C00088D14F /* Info.plist */ = {isa = PBXFileReference; lastKnownFileType = text.plist.xml; path = Info.plist; sourceTree = "<group>"; };
		8404CB291ACFB5C00088D14F /* TheHackTests.m */ = {isa = PBXFileReference; lastKnownFileType = sourcecode.c.objc; path = TheHackTests.m; sourceTree = "<group>"; };
/* End PBXFileReference section */

/* Begin PBXFrameworksBuildPhase section */
		8404CB071ACFB5BF0088D14F /* Frameworks */ = {
			isa = PBXFrameworksBuildPhase;
			buildActionMask = 2147483647;
			files = (
			);
			runOnlyForDeploymentPostprocessing = 0;
		};
		8404CB201ACFB5C00088D14F /* Frameworks */ = {
			isa = PBXFrameworksBuildPhase;
			buildActionMask = 2147483647;
			files = (
			);
			runOnlyForDeploymentPostprocessing = 0;
		};
/* End PBXFrameworksBuildPhase section */

/* Begin PBXGroup section */
		8404CB011ACFB5BE0088D14F = {
			isa = PBXGroup;
			children = (
				8404CB0C1ACFB5BF0088D14F /* TheHack */,
				8404CB261ACFB5C00088D14F /* TheHackTests */,
				8404CB0B1ACFB5BF0088D14F /* Products */,
			);
			sourceTree = "<group>";
		};
		8404CB0B1ACFB5BF0088D14F /* Products */ = {
			isa = PBXGroup;
			children = (
				8404CB0A1ACFB5BF0088D14F /* TheHack.app */,
				8404CB231ACFB5C00088D14F /* TheHackTests.xctest */,
			);
			name = Products;
			sourceTree = "<group>";
		};
		8404CB0C1ACFB5BF0088D14F /* TheHack */ = {
			isa = PBXGroup;
			children = (
				8404CB111ACFB5BF0088D14F /* AppDelegate.h */,
				8404CB121ACFB5BF0088D14F /* AppDelegate.m */,
				8404CB1A1ACFB5BF0088D14F /* Images.xcassets */,
				8404CB0D1ACFB5BF0088D14F /* Supporting Files */,
			);
			path = TheHack;
			sourceTree = "<group>";
		};
		8404CB0D1ACFB5BF0088D14F /* Supporting Files */ = {
			isa = PBXGroup;
			children = (
				8404CB0E1ACFB5BF0088D14F /* Info.plist */,
				8404CB0F1ACFB5BF0088D14F /* main.m */,
			);
			name = "Supporting Files";
			sourceTree = "<group>";
		};
		8404CB261ACFB5C00088D14F /* TheHackTests */ = {
			isa = PBXGroup;
			children = (
				8404CB291ACFB5C00088D14F /* TheHackTests.m */,
				8404CB271ACFB5C00088D14F /* Supporting Files */,
			);
			path = TheHackTests;
			sourceTree = "<group>";
		};
		8404CB271ACFB5C00088D14F /* Supporting Files */ = {
			isa = PBXGroup;
			children = (
				8404CB281ACFB5C00088D14F /* Info.plist */,
			);
			name = "Supporting Files";
			sourceTree = "<group>";
		};
/* End PBXGroup section */

/* Begin PBXNativeTarget section */
		8404CB091ACFB5BF0088D14F /* TheHack */ = {
			isa = PBXNativeTarget;
			buildConfigurationList = 8404CB2D1ACFB5C00088D14F /* Build configuration list for PBXNativeTarget "TheHack" */;
			buildPhases = (
				8404CB061ACFB5BF0088D14F /* Sources */,
				8404CB071ACFB5BF0088D14F /* Frameworks */,
				8404CB081ACFB5BF0088D14F /* Resources */,
			);
			buildRules = (
			);
			dependencies = (
			);
			name = TheHack;
			productName = TheHack;
			productReference = 8404CB0A1ACFB5BF0088D14F /* TheHack.app */;
			productType = "com.apple.product-type.application";
		};
		8404CB221ACFB5C00088D14F /* TheHackTests */ = {
			isa = PBXNativeTarget;
			buildConfigurationList = 8404CB301ACFB5C00088D14F /* Build configuration list for PBXNativeTarget "TheHackTests" */;
			buildPhases = (
				8404CB1F1ACFB5C00088D14F /* Sources */,
				8404CB201ACFB5C00088D14F /* Frameworks */,
				8404CB211ACFB5C00088D14F /* Resources */,
			);
			buildRules = (
			);
			dependencies = (
				8404CB251ACFB5C00088D14F /* PBXTargetDependency */,
			);
			name = TheHackTests;
			productName = TheHackTests;
			productReference = 8404CB231ACFB5C00088D14F /* TheHackTests.xctest */;
			productType = "com.apple.product-type.bundle.unit-test";
		};
/* End PBXNativeTarget section */

/* Begin PBXProject section */
		8404CB021ACFB5BE0088D14F /* Project object */ = {
			isa = PBXProject;
			attributes = {
				LastUpgradeCheck = 0620;
				ORGANIZATIONNAME = "William Gu";
				TargetAttributes = {
					8404CB091ACFB5BF0088D14F = {
						CreatedOnToolsVersion = 6.2;
					};
					8404CB221ACFB5C00088D14F = {
						CreatedOnToolsVersion = 6.2;
						TestTargetID = 8404CB091ACFB5BF0088D14F;
					};
				};
			};
			buildConfigurationList = 8404CB051ACFB5BE0088D14F /* Build configuration list for PBXProject "TheHack" */;
			compatibilityVersion = "Xcode 3.2";
			developmentRegion = English;
			hasScannedForEncodings = 0;
			knownRegions = (
				en,
				Base,
			);
			mainGroup = 8404CB011ACFB5BE0088D14F;
			productRefGroup = 8404CB0B1ACFB5BF0088D14F /* Products */;
			projectDirPath = "";
			projectRoot = "";
			targets = (
				8404CB091ACFB5BF0088D14F /* TheHack */,
				8404CB221ACFB5C00088D14F /* TheHackTests */,
			);
		};
/* End PBXProject section */

/* Begin PBXResourcesBuildPhase section */
		8404CB081ACFB5BF0088D14F /* Resources */ = {
			isa = PBXResourcesBuildPhase;
			buildActionMask = 2147483647;
			files = (
				8404CB1B1ACFB5BF0088D14F /* Images.xcassets in Resources */,
			);
			runOnlyForDeploymentPostprocessing = 0;
		};
		8404CB211ACFB5C00088D14F /* Resources */ = {
			isa = PBXResourcesBuildPhase;
			buildActionMask = 2147483647;
			files = (
			);
			runOnlyForDeploymentPostprocessing = 0;
		};
/* End PBXResourcesBuildPhase section */

/* Begin PBXSourcesBuildPhase section */
		8404CB061ACFB5BF0088D14F /* Sources */ = {
			isa = PBXSourcesBuildPhase;
			buildActionMask = 2147483647;
			files = (
				8404CB131ACFB5BF0088D14F /* AppDelegate.m in Sources */,
				8404CB101ACFB5BF0088D14F /* main.m in Sources */,
			);
			runOnlyForDeploymentPostprocessing = 0;
		};
		8404CB1F1ACFB5C00088D14F /* Sources */ = {
			isa = PBXSourcesBuildPhase;
			buildActionMask = 2147483647;
			files = (
				8404CB2A1ACFB5C00088D14F /* TheHackTests.m in Sources */,
			);
			runOnlyForDeploymentPostprocessing = 0;
		};
/* End PBXSourcesBuildPhase section */

/* Begin PBXTargetDependency section */
		8404CB251ACFB5C00088D14F /* PBXTargetDependency */ = {
			isa = PBXTargetDependency;
			target = 8404CB091ACFB5BF0088D14F /* TheHack */;
			targetProxy = 8404CB241ACFB5C00088D14F /* PBXContainerItemProxy */;
		};
/* End PBXTargetDependency section */

/* Begin XCBuildConfiguration section */
		8404CB2B1ACFB5C00088D14F /* Debug */ = {
			isa = XCBuildConfiguration;
			buildSettings = {
				ALWAYS_SEARCH_USER_PATHS = NO;
				CLANG_CXX_LANGUAGE_STANDARD = "gnu++0x";
				CLANG_CXX_LIBRARY = "libc++";
				CLANG_ENABLE_MODULES = YES;
				CLANG_ENABLE_OBJC_ARC = YES;
				CLANG_WARN_BOOL_CONVERSION = YES;
				CLANG_WARN_CONSTANT_CONVERSION = YES;
				CLANG_WARN_DIRECT_OBJC_ISA_USAGE = YES_ERROR;
				CLANG_WARN_EMPTY_BODY = YES;
				CLANG_WARN_ENUM_CONVERSION = YES;
				CLANG_WARN_INT_CONVERSION = YES;
				CLANG_WARN_OBJC_ROOT_CLASS = YES_ERROR;
				CLANG_WARN_UNREACHABLE_CODE = YES;
				CLANG_WARN__DUPLICATE_METHOD_MATCH = YES;
				"CODE_SIGN_IDENTITY[sdk=iphoneos*]" = "iPhone Developer";
				COPY_PHASE_STRIP = NO;
				ENABLE_STRICT_OBJC_MSGSEND = YES;
				GCC_C_LANGUAGE_STANDARD = gnu99;
				GCC_DYNAMIC_NO_PIC = NO;
				GCC_OPTIMIZATION_LEVEL = 0;
				GCC_PREPROCESSOR_DEFINITIONS = (
					"DEBUG=1",
					"$(inherited)",
				);
				GCC_SYMBOLS_PRIVATE_EXTERN = NO;
				GCC_WARN_64_TO_32_BIT_CONVERSION = YES;
				GCC_WARN_ABOUT_RETURN_TYPE = YES_ERROR;
				GCC_WARN_UNDECLARED_SELECTOR = YES;
				GCC_WARN_UNINITIALIZED_AUTOS = YES_AGGRESSIVE;
				GCC_WARN_UNUSED_FUNCTION = YES;
				GCC_WARN_UNUSED_VARIABLE = YES;
				IPHONEOS_DEPLOYMENT_TARGET = 8.2;
				MTL_ENABLE_DEBUG_INFO = YES;
				ONLY_ACTIVE_ARCH = YES;
				SDKROOT = iphoneos;
			};
			name = Debug;
		};
		8404CB2C1ACFB5C00088D14F /* Release */ = {
			isa = XCBuildConfiguration;
			buildSettings = {
				ALWAYS_SEARCH_USER_PATHS = NO;
				CLANG_CXX_LANGUAGE_STANDARD = "gnu++0x";
				CLANG_CXX_LIBRARY = "libc++";
				CLANG_ENABLE_MODULES = YES;
				CLANG_ENABLE_OBJC_ARC = YES;
				CLANG_WARN_BOOL_CONVERSION = YES;
				CLANG_WARN_CONSTANT_CONVERSION = YES;
				CLANG_WARN_DIRECT_OBJC_ISA_USAGE = YES_ERROR;
				CLANG_WARN_EMPTY_BODY = YES;
				CLANG_WARN_ENUM_CONVERSION = YES;
				CLANG_WARN_INT_CONVERSION = YES;
				CLANG_WARN_OBJC_ROOT_CLASS = YES_ERROR;
				CLANG_WARN_UNREACHABLE_CODE = YES;
				CLANG_WARN__DUPLICATE_METHOD_MATCH = YES;
				"CODE_SIGN_IDENTITY[sdk=iphoneos*]" = "iPhone Developer";
				COPY_PHASE_STRIP = NO;
				ENABLE_NS_ASSERTIONS = NO;
				ENABLE_STRICT_OBJC_MSGSEND = YES;
				GCC_C_LANGUAGE_STANDARD = gnu99;
				GCC_WARN_64_TO_32_BIT_CONVERSION = YES;
				GCC_WARN_ABOUT_RETURN_TYPE = YES_ERROR;
				GCC_WARN_UNDECLARED_SELECTOR = YES;
				GCC_WARN_UNINITIALIZED_AUTOS = YES_AGGRESSIVE;
				GCC_WARN_UNUSED_FUNCTION = YES;
				GCC_WARN_UNUSED_VARIABLE = YES;
				IPHONEOS_DEPLOYMENT_TARGET = 8.2;
				MTL_ENABLE_DEBUG_INFO = NO;
				SDKROOT = iphoneos;
				VALIDATE_PRODUCT = YES;
			};
			name = Release;
		};
		8404CB2E1ACFB5C00088D14F /* Debug */ = {
			isa = XCBuildConfiguration;
			buildSettings = {
				ASSETCATALOG_COMPILER_APPICON_NAME = AppIcon;
				INFOPLIST_FILE = TheHack/Info.plist;
				IPHONEOS_DEPLOYMENT_TARGET = 8.0;
				LD_RUNPATH_SEARCH_PATHS = "$(inherited) @executable_path/Frameworks";
				PRODUCT_NAME = "$(TARGET_NAME)";
			};
			name = Debug;
		};
		8404CB2F1ACFB5C00088D14F /* Release */ = {
			isa = XCBuildConfiguration;
			buildSettings = {
				ASSETCATALOG_COMPILER_APPICON_NAME = AppIcon;
				INFOPLIST_FILE = TheHack/Info.plist;
				IPHONEOS_DEPLOYMENT_TARGET = 8.0;
				LD_RUNPATH_SEARCH_PATHS = "$(inherited) @executable_path/Frameworks";
				PRODUCT_NAME = "$(TARGET_NAME)";
			};
			name = Release;
		};
		8404CB311ACFB5C00088D14F /* Debug */ = {
			isa = XCBuildConfiguration;
			buildSettings = {
				BUNDLE_LOADER = "$(TEST_HOST)";
				FRAMEWORK_SEARCH_PATHS = (
					"$(SDKROOT)/Developer/Library/Frameworks",
					"$(inherited)",
				);
				GCC_PREPROCESSOR_DEFINITIONS = (
					"DEBUG=1",
					"$(inherited)",
				);
				INFOPLIST_FILE = TheHackTests/Info.plist;
				LD_RUNPATH_SEARCH_PATHS = "$(inherited) @executable_path/Frameworks @loader_path/Frameworks";
				PRODUCT_NAME = "$(TARGET_NAME)";
				TEST_HOST = "$(BUILT_PRODUCTS_DIR)/TheHack.app/TheHack";
			};
			name = Debug;
		};
		8404CB321ACFB5C00088D14F /* Release */ = {
			isa = XCBuildConfiguration;
			buildSettings = {
				BUNDLE_LOADER = "$(TEST_HOST)";
				FRAMEWORK_SEARCH_PATHS = (
					"$(SDKROOT)/Developer/Library/Frameworks",
					"$(inherited)",
				);
				INFOPLIST_FILE = TheHackTests/Info.plist;
				LD_RUNPATH_SEARCH_PATHS = "$(inherited) @executable_path/Frameworks @loader_path/Frameworks";
				PRODUCT_NAME = "$(TARGET_NAME)";
				TEST_HOST = "$(BUILT_PRODUCTS_DIR)/TheHack.app/TheHack";
			};
			name = Release;
		};
/* End XCBuildConfiguration section */

/* Begin XCConfigurationList section */
		8404CB051ACFB5BE0088D14F /* Build configuration list for PBXProject "TheHack" */ = {
			isa = XCConfigurationList;
			buildConfigurations = (
				8404CB2B1ACFB5C00088D14F /* Debug */,
				8404CB2C1ACFB5C00088D14F /* Release */,
			);
			defaultConfigurationIsVisible = 0;
			defaultConfigurationName = Release;
		};
		8404CB2D1ACFB5C00088D14F /* Build configuration list for PBXNativeTarget "TheHack" */ = {
			isa = XCConfigurationList;
			buildConfigurations = (
				8404CB2E1ACFB5C00088D14F /* Debug */,
				8404CB2F1ACFB5C00088D14F /* Release */,
			);
			defaultConfigurationIsVisible = 0;
		};
		8404CB301ACFB5C00088D14F /* Build configuration list for PBXNativeTarget "TheHackTests" */ = {
			isa = XCConfigurationList;
			buildConfigurations = (
				8404CB311ACFB5C00088D14F /* Debug */,
				8404CB321ACFB5C00088D14F /* Release */,
			);
			defaultConfigurationIsVisible = 0;
		};
/* End XCConfigurationList section */
	};
	rootObject = 8404CB021ACFB5BE0088D14F /* Project object */;
}
